# This file is automatically @generated by Poetry 1.8.5 and should not be changed by hand.

[[package]]
name = "blinker"
version = "1.9.0"
description = "Fast, simple object-to-object and broadcast signaling"
optional = false
python-versions = ">=3.9"
files = [
    {file = "blinker-1.9.0-py3-none-any.whl", hash = "sha256:ba0efaa9080b619ff2f3459d1d500c57bddea4a6b424b60a91141db6fd2f08bc"},
    {file = "blinker-1.9.0.tar.gz", hash = "sha256:b4ce2265a7abece45e7cc896e98dbebe6cead56bcf805a3d23136d145f5445bf"},
]

[[package]]
name = "click"
version = "8.1.8"
description = "Composable command line interface toolkit"
optional = false
python-versions = ">=3.7"
files = [
    {file = "click-8.1.8-py3-none-any.whl", hash = "sha256:63c132bbbed01578a06712a2d1f497bb62d9c1c0d329b7903a866228027263b2"},
    {file = "click-8.1.8.tar.gz", hash = "sha256:ed53c9d8990d83c2a27deae68e4ee337473f6330c040a31d4225c9574d16096a"},
]

[package.dependencies]
colorama = {version = "*", markers = "platform_system == \"Windows\""}

[[package]]
name = "colorama"
version = "0.4.6"
description = "Cross-platform colored terminal text."
optional = false
python-versions = "!=3.0.*,!=3.1.*,!=3.2.*,!=3.3.*,!=3.4.*,!=3.5.*,!=3.6.*,>=2.7"
files = [
    {file = "colorama-0.4.6-py2.py3-none-any.whl", hash = "sha256:4f1d9991f5acc0ca119f9d443620b77f9d6b33703e51011c16baf57afb285fc6"},
    {file = "colorama-0.4.6.tar.gz", hash = "sha256:08695f5cb7ed6e0531a20572697297273c47b8cae5a63ffc6d6ed5c201be6e44"},
]

[[package]]
name = "flask"
version = "2.3.3"
description = "A simple framework for building complex web applications."
optional = false
python-versions = ">=3.8"
files = [
    {file = "flask-2.3.3-py3-none-any.whl", hash = "sha256:f69fcd559dc907ed196ab9df0e48471709175e696d6e698dd4dbe940f96ce66b"},
    {file = "flask-2.3.3.tar.gz", hash = "sha256:09c347a92aa7ff4a8e7f3206795f30d826654baf38b873d0744cd571ca609efc"},
]

[package.dependencies]
blinker = ">=1.6.2"
click = ">=8.1.3"
itsdangerous = ">=2.1.2"
Jinja2 = ">=3.1.2"
Werkzeug = ">=2.3.7"

[package.extras]
async = ["asgiref (>=3.2)"]
dotenv = ["python-dotenv"]

[[package]]
name = "flask-sqlalchemy"
version = "3.1.1"
description = "Add SQLAlchemy support to your Flask application."
optional = false
python-versions = ">=3.8"
files = [
    {file = "flask_sqlalchemy-3.1.1-py3-none-any.whl", hash = "sha256:4ba4be7f419dc72f4efd8802d69974803c37259dd42f3913b0dcf75c9447e0a0"},
    {file = "flask_sqlalchemy-3.1.1.tar.gz", hash = "sha256:e4b68bb881802dda1a7d878b2fc84c06d1ee57fb40b874d3dc97dabfa36b8312"},
]

[package.dependencies]
flask = ">=2.2.5"
sqlalchemy = ">=2.0.16"

[[package]]
name = "greenlet"
version = "3.3.1"
description = "Lightweight in-process concurrent programming"
optional = false
python-versions = ">=3.10"
files = [
    {file = "greenlet-3.3.1-cp310-cp310-macosx_11_0_universal2.whl", hash = "sha256:04bee4775f40ecefcdaa9d115ab44736cd4b9c5fba733575bfe9379419582e13"},
    {file = "greenlet-3.3.1-cp310-cp310-manylinux_2_24_aarch64.manylinux_2_28_aarch64.whl", hash = "sha256:50e1457f4fed12a50e427988a07f0f9df53cf0ee8da23fab16e6732c2ec909d4"},
    {file = "greenlet-3.3.1-cp310-cp310-manylinux_2_24_ppc64le.manylinux_2_28_ppc64le.whl", hash = "sha256:070472cd156f0656f86f92e954591644e158fd65aa415ffbe2d44ca77656a8f5"},
    {file = "greenlet-3.3.1-cp310-cp310-manylinux_2_24_s390x.manylinux_2_28_s390x.whl", hash = "sha256:1108b61b06b5224656121c3c8ee8876161c491cbe74e5c519e0634c837cf93d5"},
    {file = "greenlet-3.3.1-cp310-cp310-manylinux_2_24_x86_64.manylinux_2_28_x86_64.whl", hash = "sha256:3a300354f27dd86bae5fbf7002e6dd2b3255cd372e9242c933faf5e859b703fe"},
    {file = "greenlet-3.3.1-cp310-cp310-musllinux_1_2_aarch64.whl", hash = "sha256:e84b51cbebf9ae573b5fbd15df88887815e3253fc000a7d0ff95170e8f7e9729"},
    {file = "greenlet-3.3.1-cp310-cp310-musllinux_1_2_x86_64.whl", hash = "sha256:e0093bd1a06d899892427217f0ff2a3c8f306182b8c754336d32e2d587c131b4"},
    {file = "greenlet-3.3.1-cp310-cp310-win_amd64.whl", hash = "sha256:7932f5f57609b6a3b82cc11877709aa7a98e3308983ed93552a1c377069b20c8"},
    {file = "greenlet-3.3.1-cp311-cp311-macosx_11_0_universal2.whl", hash = "sha256:5fd23b9bc6d37b563211c6abbb1b3cab27db385a4449af5c32e932f93017080c"},
    {file = "greenlet-3.3.1-cp311-cp311-manylinux_2_24_aarch64.manylinux_2_28_aarch64.whl", hash = "sha256:09f51496a0bfbaa9d74d36a52d2580d1ef5ed4fdfcff0a73730abfbbbe1403dd"},
    {file = "greenlet-3.3.1-cp311-cp311-manylinux_2_24_ppc64le.manylinux_2_28_ppc64le.whl", hash = "sha256:cb0feb07fe6e6a74615ee62a880007d976cf739b6669cce95daa7373d4fc69c5"},
    {file = "greenlet-3.3.1-cp311-cp311-manylinux_2_24_s390x.manylinux_2_28_s390x.whl", hash = "sha256:67ea3fc73c8cd92f42467a72b75e8f05ed51a0e9b1d15398c913416f2dafd49f"},
    {file = "greenlet-3.3.1-cp311-cp311-manylinux_2_24_x86_64.manylinux_2_28_x86_64.whl", hash = "sha256:39eda9ba259cc9801da05351eaa8576e9aa83eb9411e8f0c299e05d712a210f2"},
    {file = "greenlet-3.3.1-cp311-cp311-musllinux_1_2_aarch64.whl", hash = "sha256:e2e7e882f83149f0a71ac822ebf156d902e7a5d22c9045e3e0d1daf59cee2cc9"},
    {file = "greenlet-3.3.1-cp311-cp311-musllinux_1_2_x86_64.whl", hash = "sha256:80aa4d79eb5564f2e0a6144fcc744b5a37c56c4a92d60920720e99210d88db0f"},
    {file = "greenlet-3.3.1-cp311-cp311-win_amd64.whl", hash = "sha256:32e4ca9777c5addcbf42ff3915d99030d8e00173a56f80001fb3875998fe410b"},
    {file = "greenlet-3.3.1-cp311-cp311-win_arm64.whl", hash = "sha256:da19609432f353fed186cc1b85e9440db93d489f198b4bdf42ae19cc9d9ac9b4"},
    {file = "greenlet-3.3.1-cp312-cp312-macosx_11_0_universal2.whl", hash = "sha256:7e806ca53acf6d15a888405880766ec84721aa4181261cd11a457dfe9a7a4975"},
    {file = "greenlet-3.3.1-cp312-cp312-manylinux_2_24_aarch64.manylinux_2_28_aarch64.whl", hash = "sha256:d842c94b9155f1c9b3058036c24ffb8ff78b428414a19792b2380be9cecf4f36"},
    {file = "greenlet-3.3.1-cp312-cp312-manylinux_2_24_ppc64le.manylinux_2_28_ppc64le.whl", hash = "sha256:20fedaadd422fa02695f82093f9a98bad3dab5fcda793c658b945fcde2ab27ba"},
    {file = "greenlet-3.3.1-cp312-cp312-manylinux_2_24_s390x.manylinux_2_28_s390x.whl", hash = "sha256:c620051669fd04ac6b60ebc70478210119c56e2d5d5df848baec4312e260e4ca"},
    {file = "greenlet-3.3.1-cp312-cp312-manylinux_2_24_x86_64.manylinux_2_28_x86_64.whl", hash = "sha256:14194f5f4305800ff329cbf02c5fcc88f01886cadd29941b807668a45f0d2336"},
    {file = "greenlet-3.3.1-cp312-cp312-musllinux_1_2_aarch64.whl", hash = "sha256:7b2fe4150a0cf59f847a67db8c155ac36aed89080a6a639e9f16df5d6c6096f1"},
    {file = "greenlet-3.3.1-cp312-cp312-musllinux_1_2_x86_64.whl", hash = "sha256:49f4ad195d45f4a66a0eb9c1ba4832bb380570d361912fa3554746830d332149"},
    {file = "greenlet-3.3.1-cp312-cp312-win_amd64.whl", hash = "sha256:cc98b9c4e4870fa983436afa999d4eb16b12872fab7071423d5262fa7120d57a"},
    {file = "greenlet-3.3.1-cp312-cp312-win_arm64.whl", hash = "sha256:bfb2d1763d777de5ee495c85309460f6fd8146e50ec9d0ae0183dbf6f0a829d1"},
    {file = "greenlet-3.3.1-cp313-cp313-macosx_11_0_universal2.whl", hash = "sha256:7ab327905cabb0622adca5971e488064e35115430cec2c35a50fd36e72a315b3"},
    {file = "greenlet-3.3.1-cp313-cp313-manylinux_2_24_aarch64.manylinux_2_28_aarch64.whl", hash = "sha256:65be2f026ca6a176f88fb935ee23c18333ccea97048076aef4db1ef5bc0713ac"},
    {file = "greenlet-3.3.1-cp313-cp313-manylinux_2_24_ppc64le.manylinux_2_28_ppc64le.whl", hash = "sha256:7a3ae05b3d225b4155bda56b072ceb09d05e974bc74be6c3fc15463cf69f33fd"},
    {file = "greenlet-3.3.1-cp313-cp313-manylinux_2_24_s390x.manylinux_2_28_s390x.whl", hash = "sha256:12184c61e5d64268a160226fb4818af4df02cfead8379d7f8b99a56c3a54ff3e"},
    {file = "greenlet-3.3.1-cp313-cp313-manylinux_2_24_x86_64.manylinux_2_28_x86_64.whl", hash = "sha256:6423481193bbbe871313de5fd06a082f2649e7ce6e08015d2a76c1e9186ca5b3"},
    {file = "greenlet-3.3.1-cp313-cp313-musllinux_1_2_aarch64.whl", hash = "sha256:33a956fe78bbbda82bfc95e128d61129b32d66bcf0a20a1f0c08aa4839ffa951"},
    {file = "greenlet-3.3.1-cp313-cp313-musllinux_1_2_x86_64.whl", hash = "sha256:4b065d3284be43728dd280f6f9a13990b56470b81be20375a207cdc814a983f2"},
    {file = "greenlet-3.3.1-cp313-cp313-win_amd64.whl", hash = "sha256:27289986f4e5b0edec7b5a91063c109f0276abb09a7e9bdab08437525977c946"},
    {file = "greenlet-3.3.1-cp313-cp313-win_arm64.whl", hash = "sha256:2f080e028001c5273e0b42690eaf359aeef9cb1389da0f171ea51a5dc3c7608d"},
    {file = "greenlet-3.3.1-cp314-cp314-macosx_11_0_universal2.whl", hash = "sha256:bd59acd8529b372775cd0fcbc5f420ae20681c5b045ce25bd453ed8455ab99b5"},
    {file = "greenlet-3.3.1-cp314-cp314-manylinux_2_24_aarch64.manylinux_2_28_aarch64.whl", hash = "sha256:b31c05dd84ef6871dd47120386aed35323c944d86c3d91a17c4b8d23df62f15b"},
    {file = "greenlet-3.3.1-cp314-cp314-manylinux_2_24_ppc64le.manylinux_2_28_ppc64le.whl", hash = "sha256:02925a0bfffc41e542c70aa14c7eda3593e4d7e274bfcccca1827e6c0875902e"},
    {file = "greenlet-3.3.1-cp314-cp314-manylinux_2_24_s390x.manylinux_2_28_s390x.whl", hash = "sha256:3e0f3878ca3a3ff63ab4ea478585942b53df66ddde327b59ecb191b19dbbd62d"},
    {file = "greenlet-3.3.1-cp314-cp314-manylinux_2_24_x86_64.manylinux_2_28_x86_64.whl", hash = "sha256:34a729e2e4e4ffe9ae2408d5ecaf12f944853f40ad724929b7585bca808a9d6f"},
    {file = "greenlet-3.3.1-cp314-cp314-musllinux_1_2_aarch64.whl", hash = "sha256:aec9ab04e82918e623415947921dea15851b152b822661cce3f8e4393c3df683"},
    {file = "greenlet-3.3.1-cp314-cp314-musllinux_1_2_x86_64.whl", hash = "sha256:71c767cf281a80d02b6c1bdc41c9468e1f5a494fb11bc8688c360524e273d7b1"},
    {file = "greenlet-3.3.1-cp314-cp314-win_amd64.whl", hash = "sha256:96aff77af063b607f2489473484e39a0bbae730f2ea90c9e5606c9b73c44174a"},
    {file = "greenlet-3.3.1-cp314-cp314-win_arm64.whl", hash = "sha256:b066e8b50e28b503f604fa538adc764a638b38cf8e81e025011d26e8a627fa79"},
    {file = "greenlet-3.3.1-cp314-cp314t-macosx_11_0_universal2.whl", hash = "sha256:3e63252943c921b90abb035ebe9de832c436401d9c45f262d80e2d06cc659242"},
    {file = "greenlet-3.3.1-cp314-cp314t-manylinux_2_24_aarch64.manylinux_2_28_aarch64.whl", hash = "sha256:76e39058e68eb125de10c92524573924e827927df5d3891fbc97bd55764a8774"},
    {file = "greenlet-3.3.1-cp314-cp314t-manylinux_2_24_ppc64le.manylinux_2_28_ppc64le.whl", hash = "sha256:c9f9d5e7a9310b7a2f416dd13d2e3fd8b42d803968ea580b7c0f322ccb389b97"},
    {file = "greenlet-3.3.1-cp314-cp314t-manylinux_2_24_s390x.manylinux_2_28_s390x.whl", hash = "sha256:4b9721549a95db96689458a1e0ae32412ca18776ed004463df3a9299c1b257ab"},
    {file = "greenlet-3.3.1-cp314-cp314t-manylinux_2_24_x86_64.manylinux_2_28_x86_64.whl", hash = "sha256:92497c78adf3ac703b57f1e3813c2d874f27f71a178f9ea5887855da413cd6d2"},
    {file = "greenlet-3.3.1-cp314-cp314t-musllinux_1_2_aarch64.whl", hash = "sha256:ed6b402bc74d6557a705e197d47f9063733091ed6357b3de33619d8a8d93ac53"},
    {file = "greenlet-3.3.1-cp314-cp314t-musllinux_1_2_x86_64.whl", hash = "sha256:59913f1e5ada20fde795ba906916aea25d442abcc0593fba7e26c92b7ad76249"},
    {file = "greenlet-3.3.1-cp314-cp314t-win_amd64.whl", hash = "sha256:301860987846c24cb8964bdec0e31a96ad4a2a801b41b4ef40963c1b44f33451"},
    {file = "greenlet-3.3.1.tar.gz", hash = "sha256:41848f3230b58c08bb43dee542e74a2a2e34d3c59dc3076cec9151aeeedcae98"},
]

[package.extras]
docs = ["Sphinx", "furo"]
test = ["objgraph", "psutil", "setuptools"]

[[package]]
name = "itsdangerous"
version = "2.2.0"
description = "Safely pass data to untrusted environments and back."
optional = false
python-versions = ">=3.8"
files = [
    {file = "itsdangerous-2.2.0-py3-none-any.whl", hash = "sha256:c6242fc49e35958c8b15141343aa660db5fc54d4f13a1db01a3f5891b98700ef"},
    {file = "itsdangerous-2.2.0.tar.gz", hash = "sha256:e0050c0b7da1eea53ffaf149c0cfbb5c6e2e2b69c4bef22c81fa6eb73e5f6173"},
]

[[package]]
name = "jinja2"
version = "3.1.5"
description = "A very fast and expressive template engine."
optional = false
python-versions = ">=3.7"
files = [
    {file = "jinja2-3.1.5-py3-none-any.whl", hash = "sha256:aba0f4dc9ed8013c424088f68a5c226f7d6097ed89b246d7749c2ec4175c6adb"},
    {file = "jinja2-3.1.5.tar.gz", hash = "sha256:8fefff8dc3034e27bb80d67c671eb8a9bc424c0ef4c0826edbff304cceff43bb"},
]

[package.dependencies]
MarkupSafe = ">=2.0"

[package.extras]
i18n = ["Babel (>=2.7)"]

[[package]]
name = "markupsafe"
version = "3.0.2"
description = "Safely add untrusted strings to HTML/XML markup."
optional = false
python-versions = ">=3.9"
files = [
    {file = "MarkupSafe-3.0.2-cp310-cp310-macosx_10_9_universal2.whl", hash = "sha256:7e94c425039cde14257288fd61dcfb01963e658efbc0ff54f5306b06054700f8"},
    {file = "MarkupSafe-3.0.2-cp310-cp310-macosx_11_0_arm64.whl", hash = "sha256:9e2d922824181480953426608b81967de705c3cef4d1af983af849d7bd619158"},
    {file = "MarkupSafe-3.0.2-cp310-cp310-manylinux_2_17_aarch64.manylinux2014_aarch64.whl", hash = "sha256:38a9ef736c01fccdd6600705b09dc574584b89bea478200c5fbf112a6b0d5579"},
    {file = "MarkupSafe-3.0.2-cp310-cp310-manylinux_2_17_x86_64.manylinux2014_x86_64.whl", hash = "sha256:bbcb445fa71794da8f178f0f6d66789a28d7319071af7a496d4d507ed566270d"},
    {file = "MarkupSafe-3.0.2-cp310-cp310-manylinux_2_5_i686.manylinux1_i686.manylinux_2_17_i686.manylinux2014_i686.whl", hash = "sha256:57cb5a3cf367aeb1d316576250f65edec5bb3be939e9247ae594b4bcbc317dfb"},
    {file = "MarkupSafe-3.0.2-cp310-cp310-musllinux_1_2_aarch64.whl", hash = "sha256:3809ede931876f5b2ec92eef964286840ed3540dadf803dd570c3b7e13141a3b"},
    {file = "MarkupSafe-3.0.2-cp310-cp310-musllinux_1_2_i686.whl", hash = "sha256:e07c3764494e3776c602c1e78e298937c3315ccc9043ead7e685b7f2b8d47b3c"},
    {file = "MarkupSafe-3.0.2-cp310-cp310-musllinux_1_2_x86_64.whl", hash = "sha256:b424c77b206d63d500bcb69fa55ed8d0e6a3774056bdc4839fc9298a7edca171"},
    {file = "MarkupSafe-3.0.2-cp310-cp310-win32.whl", hash = "sha256:fcabf5ff6eea076f859677f5f0b6b5c1a51e70a376b0579e0eadef8db48c6b50"},
    {file = "MarkupSafe-3.0.2-cp310-cp310-win_amd64.whl", hash = "sha256:6af100e168aa82a50e186c82875a5893c5597a0c1ccdb0d8b40240b1f28b969a"},
    {file = "MarkupSafe-3.0.2-cp311-cp311-macosx_10_9_universal2.whl", hash = "sha256:9025b4018f3a1314059769c7bf15441064b2207cb3f065e6ea1e7359cb46db9d"},
    {file = "MarkupSafe-3.0.2-cp311-cp311-macosx_11_0_arm64.whl", hash = "sha256:93335ca3812df2f366e80509ae119189886b0f3c2b81325d39efdb84a1e2ae93"},
    {file = "MarkupSafe-3.0.2-cp311-cp311-manylinux_2_17_aarch64.manylinux2014_aarch64.whl", hash = "sha256:2cb8438c3cbb25e220c2ab33bb226559e7afb3baec11c4f218ffa7308603c832"},
    {file = "MarkupSafe-3.0.2-cp311-cp311-manylinux_2_17_x86_64.manylinux2014_x86_64.whl", hash = "sha256:a123e330ef0853c6e822384873bef7507557d8e4a082961e1defa947aa59ba84"},
    {file = "MarkupSafe-3.0.2-cp311-cp311-manylinux_2_5_i686.manylinux1_i686.manylinux_2_17_i686.manylinux2014_i686.whl", hash = "sha256:1e084f686b92e5b83186b07e8a17fc09e38fff551f3602b249881fec658d3eca"},
    {file = "MarkupSafe-3.0.2-cp311-cp311-musllinux_1_2_aarch64.whl", hash = "sha256:d8213e09c917a951de9d09ecee036d5c7d36cb6cb7dbaece4c71a60d79fb9798"},
    {file = "MarkupSafe-3.0.2-cp311-cp311-musllinux_1_2_i686.whl", hash = "sha256:5b02fb34468b6aaa40dfc198d813a641e3a63b98c2b05a16b9f80b7ec314185e"},
    {file = "MarkupSafe-3.0.2-cp311-cp311-musllinux_1_2_x86_64.whl", hash = "sha256:0bff5e0ae4ef2e1ae4fdf2dfd5b76c75e5c2fa4132d05fc1b0dabcd20c7e28c4"},
    {file = "MarkupSafe-3.0.2-cp311-cp311-win32.whl", hash = "sha256:6c89876f41da747c8d3677a2b540fb32ef5715f97b66eeb0c6b66f5e3ef6f59d"},
    {file = "MarkupSafe-3.0.2-cp311-cp311-win_amd64.whl", hash = "sha256:70a87b411535ccad5ef2f1df5136506a10775d267e197e4cf531ced10537bd6b"},
    {file = "MarkupSafe-3.0.2-cp312-cp312-macosx_10_13_universal2.whl", hash = "sha256:9778bd8ab0a994ebf6f84c2b949e65736d5575320a17ae8984a77fab08db94cf"},
    {file = "MarkupSafe-3.0.2-cp312-cp312-macosx_11_0_arm64.whl", hash = "sha256:846ade7b71e3536c4e56b386c2a47adf5741d2d8b94ec9dc3e92e5e1ee1e2225"},
    {file = "MarkupSafe-3.0.2-cp312-cp312-manylinux_2_17_aarch64.manylinux2014_aarch64.whl", hash = "sha256:1c99d261bd2d5f6b59325c92c73df481e05e57f19837bdca8413b9eac4bd8028"},
    {file = "MarkupSafe-3.0.2-cp312-cp312-manylinux_2_17_x86_64.manylinux2014_x86_64.whl", hash = "sha256:e17c96c14e19278594aa4841ec148115f9c7615a47382ecb6b82bd8fea3ab0c8"},
    {file = "MarkupSafe-3.0.2-cp312-cp312-manylinux_2_5_i686.manylinux1_i686.manylinux_2_17_i686.manylinux2014_i686.whl", hash = "sha256:88416bd1e65dcea10bc7569faacb2c20ce071dd1f87539ca2ab364bf6231393c"},
    {file = "MarkupSafe-3.0.2-cp312-cp312-musllinux_1_2_aarch64.whl", hash = "sha256:2181e67807fc2fa785d0592dc2d6206c019b9502410671cc905d132a92866557"},
    {file = "MarkupSafe-3.0.2-cp312-cp312-musllinux_1_2_i686.whl", hash = "sha256:52305740fe773d09cffb16f8ed0427942901f00adedac82ec8b67752f58a1b22"},
    {file = "MarkupSafe-3.0.2-cp312-cp312-musllinux_1_2_x86_64.whl", hash = "sha256:ad10d3ded218f1039f11a75f8091880239651b52e9bb592ca27de44eed242a48"},
    {file = "MarkupSafe-3.0.2-cp312-cp312-win32.whl", hash = "sha256:0f4ca02bea9a23221c0182836703cbf8930c5e9454bacce27e767509fa286a30"},
    {file = "MarkupSafe-3.0.2-cp312-cp312-win_amd64.whl", hash = "sha256:8e06879fc22a25ca47312fbe7c8264eb0b662f6db27cb2d3bbbc74b1df4b9b87"},
    {file = "MarkupSafe-3.0.2-cp313-cp313-macosx_10_13_universal2.whl", hash = "sha256:ba9527cdd4c926ed0760bc301f6728ef34d841f405abf9d4f959c478421e4efd"},
    {file = "MarkupSafe-3.0.2-cp313-cp313-macosx_11_0_arm64.whl", hash = "sha256:f8b3d067f2e40fe93e1ccdd6b2e1d16c43140e76f02fb1319a05cf2b79d99430"},
    {file = "MarkupSafe-3.0.2-cp313-cp313-manylinux_2_17_aarch64.manylinux2014_aarch64.whl", hash = "sha256:569511d3b58c8791ab4c2e1285575265991e6d8f8700c7be0e88f86cb0672094"},
    {file = "MarkupSafe-3.0.2-cp313-cp313-manylinux_2_17_x86_64.manylinux2014_x86_64.whl", hash = "sha256:15ab75ef81add55874e7ab7055e9c397312385bd9ced94920f2802310c930396"},
    {file = "MarkupSafe-3.0.2-cp313-cp313-manylinux_2_5_i686.manylinux1_i686.manylinux_2_17_i686.manylinux2014_i686.whl", hash = "sha256:f3818cb119498c0678015754eba762e0d61e5b52d34c8b13d770f0719f7b1d79"},
    {file = "MarkupSafe-3.0.2-cp313-cp313-musllinux_1_2_aarch64.whl", hash = "sha256:cdb82a876c47801bb54a690c5ae105a46b392ac6099881cdfb9f6e95e4014c6a"},
    {file = "MarkupSafe-3.0.2-cp313-cp313-musllinux_1_2_i686.whl", hash = "sha256:cabc348d87e913db6ab4aa100f01b08f481097838bdddf7c7a84b7575b7309ca"},
    {file = "MarkupSafe-3.0.2-cp313-cp313-musllinux_1_2_x86_64.whl", hash = "sha256:444dcda765c8a838eaae23112db52f1efaf750daddb2d9ca300bcae1039adc5c"},
    {file = "MarkupSafe-3.0.2-cp313-cp313-win32.whl", hash = "sha256:bcf3e58998965654fdaff38e58584d8937aa3096ab5354d493c77d1fdd66d7a1"},
    {file = "MarkupSafe-3.0.2-cp313-cp313-win_amd64.whl", hash = "sha256:e6a2a455bd412959b57a172ce6328d2dd1f01cb2135efda2e4576e8a23fa3b0f"},
    {file = "MarkupSafe-3.0.2-cp313-cp313t-macosx_10_13_universal2.whl", hash = "sha256:b5a6b3ada725cea8a5e634536b1b01c30bcdcd7f9c6fff4151548d5bf6b3a36c"},
    {file = "MarkupSafe-3.0.2-cp313-cp313t-macosx_11_0_arm64.whl", hash = "sha256:a904af0a6162c73e3edcb969eeeb53a63ceeb5d8cf642fade7d39e7963a22ddb"},
    {file = "MarkupSafe-3.0.2-cp313-cp313t-manylinux_2_17_aarch64.manylinux2014_aarch64.whl", hash = "sha256:4aa4e5faecf353ed117801a068ebab7b7e09ffb6e1d5e412dc852e0da018126c"},
    {file = "MarkupSafe-3.0.2-cp313-cp313t-manylinux_2_17_x86_64.manylinux2014_x86_64.whl", hash = "sha256:c0ef13eaeee5b615fb07c9a7dadb38eac06a0608b41570d8ade51c56539e509d"},
    {file = "MarkupSafe-3.0.2-cp313-cp313t-manylinux_2_5_i686.manylinux1_i686.manylinux_2_17_i686.manylinux2014_i686.whl", hash = "sha256:d16a81a06776313e817c951135cf7340a3e91e8c1ff2fac444cfd75fffa04afe"},
    {file = "MarkupSafe-3.0.2-cp313-cp313t-musllinux_1_2_aarch64.whl", hash = "sha256:6381026f158fdb7c72a168278597a5e3a5222e83ea18f543112b2662a9b699c5"},
    {file = "MarkupSafe-3.0.2-cp313-cp313t-musllinux_1_2_i686.whl", hash = "sha256:3d79d162e7be8f996986c064d1c7c817f6df3a77fe3d6859f6f9e7be4b8c213a"},
    {file = "MarkupSafe-3.0.2-cp313-cp313t-musllinux_1_2_x86_64.whl", hash = "sha256:131a3c7689c85f5ad20f9f6fb1b866f402c445b220c19fe4308c0b147ccd2ad9"},
    {file = "MarkupSafe-3.0.2-cp313-cp313t-win32.whl", hash = "sha256:ba8062ed2cf21c07a9e295d5b8a2a5ce678b913b45fdf68c32d95d6c1291e0b6"},
    {file = "MarkupSafe-3.0.2-cp313-cp313t-win_amd64.whl", hash = "sha256:e444a31f8db13eb18ada366ab3cf45fd4b31e4db1236a4448f68778c1d1a5a2f"},
    {file = "MarkupSafe-3.0.2-cp39-cp39-macosx_10_9_universal2.whl", hash = "sha256:eaa0a10b7f72326f1372a713e73c3f739b524b3af41feb43e4921cb529f5929a"},
    {file = "MarkupSafe-3.0.2-cp39-cp39-macosx_11_0_arm64.whl", hash = "sha256:48032821bbdf20f5799ff537c7ac3d1fba0ba032cfc06194faffa8cda8b560ff"},
    {file = "MarkupSafe-3.0.2-cp39-cp39-manylinux_2_17_aarch64.manylinux2014_aarch64.whl", hash = "sha256:1a9d3f5f0901fdec14d8d2f66ef7d035f2157240a433441719ac9a3fba440b13"},
    {file = "MarkupSafe-3.0.2-cp39-cp39-manylinux_2_17_x86_64.manylinux2014_x86_64.whl", hash = "sha256:88b49a3b9ff31e19998750c38e030fc7bb937398b1f78cfa599aaef92d693144"},
    {file = "MarkupSafe-3.0.2-cp39-cp39-manylinux_2_5_i686.manylinux1_i686.manylinux_2_17_i686.manylinux2014_i686.whl", hash = "sha256:cfad01eed2c2e0c01fd0ecd2ef42c492f7f93902e39a42fc9ee1692961443a29"},
    {file = "MarkupSafe-3.0.2-cp39-cp39-musllinux_1_2_aarch64.whl", hash = "sha256:1225beacc926f536dc82e45f8a4d68502949dc67eea90eab715dea3a21c1b5f0"},
    {file = "MarkupSafe-3.0.2-cp39-cp39-musllinux_1_2_i686.whl", hash = "sha256:3169b1eefae027567d1ce6ee7cae382c57fe26e82775f460f0b2778beaad66c0"},
    {file = "MarkupSafe-3.0.2-cp39-cp39-musllinux_1_2_x86_64.whl", hash = "sha256:eb7972a85c54febfb25b5c4b4f3af4dcc731994c7da0d8a0b4a6eb0640e1d178"},
    {file = "MarkupSafe-3.0.2-cp39-cp39-win32.whl", hash = "sha256:8c4e8c3ce11e1f92f6536ff07154f9d49677ebaaafc32db9db4620bc11ed480f"},
    {file = "MarkupSafe-3.0.2-cp39-cp39-win_amd64.whl", hash = "sha256:6e296a513ca3d94054c2c881cc913116e90fd030ad1c656b3869762b754f5f8a"},
    {file = "markupsafe-3.0.2.tar.gz", hash = "sha256:ee55d3edf80167e48ea11a923c7386f4669df67d7994554387f84e7d8b0a2bf0"},
]

[[package]]
name = "sqlalchemy"
version = "2.0.46"
description = "Database Abstraction Library"
optional = false
python-versions = ">=3.7"
files = [
    {file = "sqlalchemy-2.0.46-cp310-cp310-macosx_11_0_arm64.whl", hash = "sha256:895296687ad06dc9b11a024cf68e8d9d3943aa0b4964278d2553b86f1b267735"},
    {file = "sqlalchemy-2.0.46-cp310-cp310-manylinux2014_aarch64.manylinux_2_17_aarch64.manylinux_2_28_aarch64.whl", hash = "sha256:ab65cb2885a9f80f979b85aa4e9c9165a31381ca322cbde7c638fe6eefd1ec39"},
    {file = "sqlalchemy-2.0.46-cp310-cp310-manylinux2014_x86_64.manylinux_2_17_x86_64.manylinux_2_28_x86_64.whl", hash = "sha256:52fe29b3817bd191cc20bad564237c808967972c97fa683c04b28ec8979ae36f"},
    {file = "sqlalchemy-2.0.46-cp310-cp310-musllinux_1_2_aarch64.whl", hash = "sha256:09168817d6c19954d3b7655da6ba87fcb3a62bb575fb396a81a8b6a9fadfe8b5"},
    {file = "sqlalchemy-2.0.46-cp310-cp310-musllinux_1_2_x86_64.whl", hash = "sha256:be6c0466b4c25b44c5d82b0426b5501de3c424d7a3220e86cd32f319ba56798e"},
    {file = "sqlalchemy-2.0.46-cp310-cp310-win32.whl", hash = "sha256:1bc3f601f0a818d27bfe139f6766487d9c88502062a2cd3a7ee6c342e81d5047"},
    {file = "sqlalchemy-2.0.46-cp310-cp310-win_amd64.whl", hash = "sha256:e0c05aff5c6b1bb5fb46a87e0f9d2f733f83ef6cbbbcd5c642b6c01678268061"},
    {file = "sqlalchemy-2.0.46-cp311-cp311-macosx_11_0_arm64.whl", hash = "sha256:261c4b1f101b4a411154f1da2b76497d73abbfc42740029205d4d01fa1052684"},
    {file = "sqlalchemy-2.0.46-cp311-cp311-manylinux2014_aarch64.manylinux_2_17_aarch64.manylinux_2_28_aarch64.whl", hash = "sha256:181903fe8c1b9082995325f1b2e84ac078b1189e2819380c2303a5f90e114a62"},
    {file = "sqlalchemy-2.0.46-cp311-cp311-manylinux2014_x86_64.manylinux_2_17_x86_64.manylinux_2_28_x86_64.whl", hash = "sha256:590be24e20e2424a4c3c1b0835e9405fa3d0af5823a1a9fc02e5dff56471515f"},
    {file = "sqlalchemy-2.0.46-cp311-cp311-musllinux_1_2_aarch64.whl", hash = "sha256:7568fe771f974abadce52669ef3a03150ff03186d8eb82613bc8adc435a03f01"},
    {file = "sqlalchemy-2.0.46-cp311-cp311-musllinux_1_2_x86_64.whl", hash = "sha256:ebf7e1e78af38047e08836d33502c7a278915698b7c2145d045f780201679999"},
    {file = "sqlalchemy-2.0.46-cp311-cp311-win32.whl", hash = "sha256:9d80ea2ac519c364a7286e8d765d6cd08648f5b21ca855a8017d9871f075542d"},
    {file = "sqlalchemy-2.0.46-cp311-cp311-win_amd64.whl", hash = "sha256:585af6afe518732d9ccd3aea33af2edaae4a7aa881af5d8f6f4fe3a368699597"},
    {file = "sqlalchemy-2.0.46-cp312-cp312-macosx_11_0_arm64.whl", hash = "sha256:3a9a72b0da8387f15d5810f1facca8f879de9b85af8c645138cba61ea147968c"},
    {file = "sqlalchemy-2.0.46-cp312-cp312-manylinux2014_aarch64.manylinux_2_17_aarch64.manylinux_2_28_aarch64.whl", hash = "sha256:2347c3f0efc4de367ba00218e0ae5c4ba2306e47216ef80d6e31761ac97cb0b9"},
    {file = "sqlalchemy-2.0.46-cp312-cp312-manylinux2014_x86_64.manylinux_2_17_x86_64.manylinux_2_28_x86_64.whl", hash = "sha256:9094c8b3197db12aa6f05c51c05daaad0a92b8c9af5388569847b03b1007fb1b"},
    {file = "sqlalchemy-2.0.46-cp312-cp312-musllinux_1_2_aarch64.whl", hash = "sha256:37fee2164cf21417478b6a906adc1a91d69ae9aba8f9533e67ce882f4bb1de53"},
    {file = "sqlalchemy-2.0.46-cp312-cp312-musllinux_1_2_x86_64.whl", hash = "sha256:b1e14b2f6965a685c7128bd315e27387205429c2e339eeec55cb75ca4ab0ea2e"},
    {file = "sqlalchemy-2.0.46-cp312-cp312-win32.whl", hash = "sha256:412f26bb4ba942d52016edc8d12fb15d91d3cd46b0047ba46e424213ad407bcb"},
    {file = "sqlalchemy-2.0.46-cp312-cp312-win_amd64.whl", hash = "sha256:ea3cd46b6713a10216323cda3333514944e510aa691c945334713fca6b5279ff"},
    {file = "sqlalchemy-2.0.46-cp313-cp313-macosx_11_0_arm64.whl", hash = "sha256:93a12da97cca70cea10d4b4fc602589c4511f96c1f8f6c11817620c021d21d00"},
    {file = "sqlalchemy-2.0.46-cp313-cp313-manylinux2014_aarch64.manylinux_2_17_aarch64.manylinux_2_28_aarch64.whl", hash = "sha256:af865c18752d416798dae13f83f38927c52f085c52e2f32b8ab0fef46fdd02c2"},
    {file = "sqlalchemy-2.0.46-cp313-cp313-manylinux2014_x86_64.manylinux_2_17_x86_64.manylinux_2_28_x86_64.whl", hash = "sha256:8d679b5f318423eacb61f933a9a0f75535bfca7056daeadbf6bd5bcee6183aee"},
    {file = "sqlalchemy-2.0.46-cp313-cp313-musllinux_1_2_aarch64.whl", hash = "sha256:64901e08c33462acc9ec3bad27fc7a5c2b6491665f2aa57564e57a4f5d7c52ad"},
    {file = "sqlalchemy-2.0.46-cp313-cp313-musllinux_1_2_x86_64.whl", hash = "sha256:e8ac45e8f4eaac0f9f8043ea0e224158855c6a4329fd4ee37c45c61e3beb518e"},
    {file = "sqlalchemy-2.0.46-cp313-cp313-win32.whl", hash = "sha256:8d3b44b3d0ab2f1319d71d9863d76eeb46766f8cf9e921ac293511804d39813f"},
    {file = "sqlalchemy-2.0.46-cp313-cp313-win_amd64.whl", hash = "sha256:77f8071d8fbcbb2dd11b7fd40dedd04e8ebe2eb80497916efedba844298065ef"},
    {file = "sqlalchemy-2.0.46-cp313-cp313t-manylinux2014_aarch64.manylinux_2_17_aarch64.manylinux_2_28_aarch64.whl", hash = "sha256:a1e8cc6cc01da346dc92d9509a63033b9b1bda4fed7a7a7807ed385c7dccdc10"},
    {file = "sqlalchemy-2.0.46-cp313-cp313t-manylinux2014_x86_64.manylinux_2_17_x86_64.manylinux_2_28_x86_64.whl", hash = "sha256:96c7cca1a4babaaf3bfff3e4e606e38578856917e52f0384635a95b226c87764"},
    {file = "sqlalchemy-2.0.46-cp313-cp313t-musllinux_1_2_aarch64.whl", hash = "sha256:b2a9f9aee38039cf4755891a1e50e1effcc42ea6ba053743f452c372c3152b1b"},
    {file = "sqlalchemy-2.0.46-cp313-cp313t-musllinux_1_2_x86_64.whl", hash = "sha256:db23b1bf8cfe1f7fda19018e7207b20cdb5168f83c437ff7e95d19e39289c447"},
    {file = "sqlalchemy-2.0.46-cp314-cp314-macosx_11_0_arm64.whl", hash = "sha256:56bdd261bfd0895452006d5316cbf35739c53b9bb71a170a331fa0ea560b2ada"},
    {file = "sqlalchemy-2.0.46-cp314-cp314-manylinux2014_aarch64.manylinux_2_17_aarch64.manylinux_2_28_aarch64.whl", hash = "sha256:33e462154edb9493f6c3ad2125931e273bbd0be8ae53f3ecd1c161ea9a1dd366"},
    {file = "sqlalchemy-2.0.46-cp314-cp314-manylinux2014_x86_64.manylinux_2_17_x86_64.manylinux_2_28_x86_64.whl", hash = "sha256:9bcdce05f056622a632f1d44bb47dbdb677f58cad393612280406ce37530eb6d"},
    {file = "sqlalchemy-2.0.46-cp314-cp314-musllinux_1_2_aarch64.whl", hash = "sha256:8e84b09a9b0f19accedcbeff5c2caf36e0dd537341a33aad8d680336152dc34e"},
    {file = "sqlalchemy-2.0.46-cp314-cp314-musllinux_1_2_x86_64.whl", hash = "sha256:4f52f7291a92381e9b4de9050b0a65ce5d6a763333406861e33906b8aa4906bf"},
    {file = "sqlalchemy-2.0.46-cp314-cp314-win32.whl", hash = "sha256:70ed2830b169a9960193f4d4322d22be5c0925357d82cbf485b3369893350908"},
    {file = "sqlalchemy-2.0.46-cp314-cp314-win_amd64.whl", hash = "sha256:3c32e993bc57be6d177f7d5d31edb93f30726d798ad86ff9066d75d9bf2e0b6b"},
    {file = "sqlalchemy-2.0.46-cp314-cp314t-manylinux2014_aarch64.manylinux_2_17_aarch64.manylinux_2_28_aarch64.whl", hash = "sha256:4dafb537740eef640c4d6a7c254611dca2df87eaf6d14d6a5fca9d1f4c3fc0fa"},
    {file = "sqlalchemy-2.0.46-cp314-cp314t-manylinux2014_x86_64.manylinux_2_17_x86_64.manylinux_2_28_x86_64.whl", hash = "sha256:42a1643dc5427b69aca967dae540a90b0fbf57eaf248f13a90ea5930e0966863"},
    {file = "sqlalchemy-2.0.46-cp314-cp314t-musllinux_1_2_aarch64.whl", hash = "sha256:ff33c6e6ad006bbc0f34f5faf941cfc62c45841c64c0a058ac38c799f15b5ede"},
    {file = "sqlalchemy-2.0.46-cp314-cp314t-musllinux_1_2_x86_64.whl", hash = "sha256:82ec52100ec1e6ec671563bbd02d7c7c8d0b9e71a0723c72f22ecf52d1755330"},
    {file = "sqlalchemy-2.0.46-cp38-cp38-macosx_11_0_arm64.whl", hash = "sha256:6ac245604295b521de49b465bab845e3afe6916bcb2147e5929c8041b4ec0545"},
    {file = "sqlalchemy-2.0.46-cp38-cp38-manylinux2014_aarch64.manylinux_2_17_aarch64.manylinux_2_28_aarch64.whl", hash = "sha256:1e6199143d51e3e1168bedd98cc698397404a8f7508831b81b6a29b18b051069"},
    {file = "sqlalchemy-2.0.46-cp38-cp38-manylinux2014_x86_64.manylinux_2_17_x86_64.manylinux_2_28_x86_64.whl", hash = "sha256:716be5bcabf327b6d5d265dbdc6213a01199be587224eb991ad0d37e83d728fd"},
    {file = "sqlalchemy-2.0.46-cp38-cp38-musllinux_1_2_aarch64.whl", hash = "sha256:6f827fd687fa1ba7f51699e1132129eac8db8003695513fcf13fc587e1bd47a5"},
    {file = "sqlalchemy-2.0.46-cp38-cp38-musllinux_1_2_x86_64.whl", hash = "sha256:c805fa6e5d461329fa02f53f88c914d189ea771b6821083937e79550bf31fc19"},
    {file = "sqlalchemy-2.0.46-cp38-cp38-win32.whl", hash = "sha256:3aac08f7546179889c62b53b18ebf1148b10244b3405569c93984b0388d016a7"},
    {file = "sqlalchemy-2.0.46-cp38-cp38-win_amd64.whl", hash = "sha256:0cc3117db526cad3e61074100bd2867b533e2c7dc1569e95c14089735d6fb4fe"},
    {file = "sqlalchemy-2.0.46-cp39-cp39-macosx_11_0_arm64.whl", hash = "sha256:90bde6c6b1827565a95fde597da001212ab436f1b2e0c2dcc7246e14db26e2a3"},
    {file = "sqlalchemy-2.0.46-cp39-cp39-manylinux2014_aarch64.manylinux_2_17_aarch64.manylinux_2_28_aarch64.whl", hash = "sha256:94b1e5f3a5f1ff4f42d5daab047428cd45a3380e51e191360a35cef71c9a7a2a"},
    {file = "sqlalchemy-2.0.46-cp39-cp39-manylinux2014_x86_64.manylinux_2_17_x86_64.manylinux_2_28_x86_64.whl", hash = "sha256:93bb0aae40b52c57fd74ef9c6933c08c040ba98daf23ad33c3f9893494b8d3ce"},
    {file = "sqlalchemy-2.0.46-cp39-cp39-musllinux_1_2_aarch64.whl", hash = "sha256:c4e2cc868b7b5208aec6c960950b7bb821f82c2fe66446c92ee0a571765e91a5"},
    {file = "sqlalchemy-2.0.46-cp39-cp39-musllinux_1_2_x86_64.whl", hash = "sha256:965c62be8256d10c11f8907e7a8d3e18127a4c527a5919d85fa87fd9ecc2cfdc"},
    {file = "sqlalchemy-2.0.46-cp39-cp39-win32.whl", hash = "sha256:9397b381dcee8a2d6b99447ae85ea2530dcac82ca494d1db877087a13e38926d"},
    {file = "sqlalchemy-2.0.46-cp39-cp39-win_amd64.whl", hash = "sha256:4396c948d8217e83e2c202fbdcc0389cf8c93d2c1c5e60fa5c5a955eae0e64be"},
    {file = "sqlalchemy-2.0.46-py3-none-any.whl", hash = "sha256:f9c11766e7e7c0a2767dda5acb006a118640c9fc0a4104214b96269bfb78399e"},
    {file = "sqlalchemy-2.0.46.tar.gz", hash = "sha256:cf36851ee7219c170bb0793dbc3da3e80c582e04a5437bc601bfe8c85c9216d7"},
]

[package.dependencies]
greenlet = {version = ">=1", markers = "platform_machine == \"aarch64\" or platform_machine == \"ppc64le\" or platform_machine == \"x86_64\" or platform_machine == \"amd64\" or platform_machine == \"AMD64\" or platform_machine == \"win32\" or platform_machine == \"WIN32\""}
typing-extensions = ">=4.6.0"

[package.extras]
aiomysql = ["aiomysql (>=0.2.0)", "greenlet (>=1)"]
aioodbc = ["aioodbc", "greenlet (>=1)"]
aiosqlite = ["aiosqlite", "greenlet (>=1)", "typing_extensions (!=3.10.0.1)"]
asyncio = ["greenlet (>=1)"]
asyncmy = ["asyncmy (>=0.2.3,!=0.2.4,!=0.2.6)", "greenlet (>=1)"]
mariadb-connector = ["mariadb (>=1.0.1,!=1.1.2,!=1.1.5,!=1.1.10)"]
mssql = ["pyodbc"]
mssql-pymssql = ["pymssql"]
mssql-pyodbc = ["pyodbc"]
mypy = ["mypy (>=0.910)"]
mysql = ["mysqlclient (>=1.4.0)"]
mysql-connector = ["mysql-connector-python"]
oracle = ["cx_oracle (>=8)"]
oracle-oracledb = ["oracledb (>=1.0.1)"]
postgresql = ["psycopg2 (>=2.7)"]
postgresql-asyncpg = ["asyncpg", "greenlet (>=1)"]
postgresql-pg8000 = ["pg8000 (>=1.29.1)"]
postgresql-psycopg = ["psycopg (>=3.0.7)"]
postgresql-psycopg2binary = ["psycopg2-binary"]
postgresql-psycopg2cffi = ["psycopg2cffi"]
postgresql-psycopgbinary = ["psycopg[binary] (>=3.0.7)"]
pymysql = ["pymysql"]
sqlcipher = ["sqlcipher3_binary"]

[[package]]
name = "typing-extensions"
version = "4.12.2"
description = "Backported and Experimental Type Hints for Python 3.8+"
optional = false
python-versions = ">=3.8"
files = [
    {file = "typing_extensions-4.12.2-py3-none-any.whl", hash = "sha256:04e5ca0351e0f3f85c6853954072df659d0d13fac324d0072316b67d7794700d"},
    {file = "typing_extensions-4.12.2.tar.gz", hash = "sha256:1a7ead55c7e559dd4dee8856e3a88b41225abfe1ce8df57b7c13915fe121ffb8"},
]

[[package]]
name = "werkzeug"
version = "3.1.3"
description = "The comprehensive WSGI web application library."
optional = false
python-versions = ">=3.9"
files = [
    {file = "werkzeug-3.1.3-py3-none-any.whl", hash = "sha256:54b78bf3716d19a65be4fceccc0d1d7b89e608834989dfae50ea87564639213e"},
    {file = "werkzeug-3.1.3.tar.gz", hash = "sha256:60723ce945c19328679790e3282cc758aa4a6040e4bb330f53d30fa546d44746"},
]

[package.dependencies]
MarkupSafe = ">=2.1.1"

[package.extras]
watchdog = ["watchdog (>=2.3)"]

[metadata]
lock-version = "2.0"
python-versions = "3.14.3"
content-hash = "6f236cc6732ea5e8189fa3f1d67bc918a64977c7aadc0d7216d8cdf83ed86f4e"
